// !$*UTF8*$!
{
	archiveVersion = 1;
	classes = {
	};
	objectVersion = 46;
	objects = {

/* Begin PBXBuildFile section */
		141C17E71D3EAB96009C6EFB /* Multiset.h in Sources */ = {isa = PBXBuildFile; fileRef = 141C17E51D3EA698009C6EFB /* Multiset.h */; };
		141C17F31D405134009C6EFB /* test_2.cpp in Sources */ = {isa = PBXBuildFile; fileRef = 141C17E81D3EAEB8009C6EFB /* test_2.cpp */; };
/* End PBXBuildFile section */

/* Begin PBXCopyFilesBuildPhase section */
		141C17D21D3E82FE009C6EFB /* CopyFiles */ = {
			isa = PBXCopyFilesBuildPhase;
			buildActionMask = 2147483647;
			dstPath = /usr/share/man/man1/;
			dstSubfolderSpec = 0;
			files = (
			);
			runOnlyForDeploymentPostprocessing = 1;
		};
/* End PBXCopyFilesBuildPhase section */

/* Begin PBXFileReference section */
		141C17D41D3E82FE009C6EFB /* HW_3 */ = {isa = PBXFileReference; explicitFileType = "compiled.mach-o.executable"; includeInIndex = 0; path = HW_3; sourceTree = BUILT_PRODUCTS_DIR; };
		141C17D71D3E82FE009C6EFB /* SmartPhone.cpp */ = {isa = PBXFileReference; lastKnownFileType = sourcecode.cpp.cpp; path = SmartPhone.cpp; sourceTree = "<group>"; };
		141C17DE1D3E833E009C6EFB /* test_1.cpp */ = {isa = PBXFileReference; fileEncoding = 4; lastKnownFileType = sourcecode.cpp.cpp; path = test_1.cpp; sourceTree = "<group>"; };
		141C17E51D3EA698009C6EFB /* Multiset.h */ = {isa = PBXFileReference; fileEncoding = 4; lastKnownFileType = sourcecode.c.h; path = Multiset.h; sourceTree = "<group>"; };
		141C17E81D3EAEB8009C6EFB /* test_2.cpp */ = {isa = PBXFileReference; fileEncoding = 4; lastKnownFileType = sourcecode.cpp.cpp; path = test_2.cpp; sourceTree = "<group>"; };
		141C17EA1D3EB17F009C6EFB /* test_2_new.cpp */ = {isa = PBXFileReference; fileEncoding = 4; lastKnownFileType = sourcecode.cpp.cpp; path = test_2_new.cpp; sourceTree = "<group>"; };
		141C17EC1D3EB1E4009C6EFB /* OurType.h */ = {isa = PBXFileReference; lastKnownFileType = sourcecode.c.h; path = OurType.h; sourceTree = "<group>"; };
		141C17ED1D3EC174009C6EFB /* test_3.cpp */ = {isa = PBXFileReference; fileEncoding = 4; lastKnownFileType = sourcecode.cpp.cpp; path = test_3.cpp; sourceTree = "<group>"; };
/* End PBXFileReference section */

/* Begin PBXFrameworksBuildPhase section */
		141C17D11D3E82FE009C6EFB /* Frameworks */ = {
			isa = PBXFrameworksBuildPhase;
			buildActionMask = 2147483647;
			files = (
			);
			runOnlyForDeploymentPostprocessing = 0;
		};
/* End PBXFrameworksBuildPhase section */

/* Begin PBXGroup section */
		141C17CB1D3E82FE009C6EFB = {
			isa = PBXGroup;
			children = (
				141C17D61D3E82FE009C6EFB /* HW_3 */,
				141C17D51D3E82FE009C6EFB /* Products */,
			);
			sourceTree = "<group>";
		};
		141C17D51D3E82FE009C6EFB /* Products */ = {
			isa = PBXGroup;
			children = (
				141C17D41D3E82FE009C6EFB /* HW_3 */,
			);
			name = Products;
			sourceTree = "<group>";
		};
		141C17D61D3E82FE009C6EFB /* HW_3 */ = {
			isa = PBXGroup;
			children = (
				141C17D71D3E82FE009C6EFB /* SmartPhone.cpp */,
				141C17E51D3EA698009C6EFB /* Multiset.h */,
				141C17E81D3EAEB8009C6EFB /* test_2.cpp */,
				141C17EA1D3EB17F009C6EFB /* test_2_new.cpp */,
				141C17ED1D3EC174009C6EFB /* test_3.cpp */,
				141C17EC1D3EB1E4009C6EFB /* OurType.h */,
				141C17DE1D3E833E009C6EFB /* test_1.cpp */,
			);
			path = HW_3;
			sourceTree = "<group>";
		};
/* End PBXGroup section */

/* Begin PBXNativeTarget section */
		141C17D31D3E82FE009C6EFB /* HW_3 */ = {
			isa = PBXNativeTarget;
			buildConfigurationList = 141C17DB1D3E82FE009C6EFB /* Build configuration list for PBXNativeTarget "HW_3" */;
			buildPhases = (
				141C17D01D3E82FE009C6EFB /* Sources */,
				141C17D11D3E82FE009C6EFB /* Frameworks */,
				141C17D21D3E82FE009C6EFB /* CopyFiles */,
			);
			buildRules = (
			);
			dependencies = (
			);
			name = HW_3;
			productName = HW_3;
			productReference = 141C17D41D3E82FE009C6EFB /* HW_3 */;
			productType = "com.apple.product-type.tool";
		};
/* End PBXNativeTarget section */

/* Begin PBXProject section */
		141C17CC1D3E82FE009C6EFB /* Project object */ = {
			isa = PBXProject;
			attributes = {
				LastUpgradeCheck = 0730;
				ORGANIZATIONNAME = UCLA;
				TargetAttributes = {
					141C17D31D3E82FE009C6EFB = {
						CreatedOnToolsVersion = 7.3.1;
					};
				};
			};
			buildConfigurationList = 141C17CF1D3E82FE009C6EFB /* Build configuration list for PBXProject "HW_3" */;
			compatibilityVersion = "Xcode 3.2";
			developmentRegion = English;
			hasScannedForEncodings = 0;
			knownRegions = (
				en,
			);
			mainGroup = 141C17CB1D3E82FE009C6EFB;
			productRefGroup = 141C17D51D3E82FE009C6EFB /* Products */;
			projectDirPath = "";
			projectRoot = "";
			targets = (
				141C17D31D3E82FE009C6EFB /* HW_3 */,
			);
		};
/* End PBXProject section */

/* Begin PBXSourcesBuildPhase section */
		141C17D01D3E82FE009C6EFB /* Sources */ = {
			isa = PBXSourcesBuildPhase;
			buildActionMask = 2147483647;
			files = (
				141C17F31D405134009C6EFB /* test_2.cpp in Sources */,
				141C17E71D3EAB96009C6EFB /* Multiset.h in Sources */,
			);
			runOnlyForDeploymentPostprocessing = 0;
		};
/* End PBXSourcesBuildPhase section */

/* Begin XCBuildConfiguration section */
		141C17D91D3E82FE009C6EFB /* Debug */ = {
			isa = XCBuildConfiguration;
			buildSettings = {
				ALWAYS_SEARCH_USER_PATHS = NO;
				CLANG_ANALYZER_NONNULL = YES;
				CLANG_CXX_LANGUAGE_STANDARD = "gnu++0x";
				CLANG_CXX_LIBRARY = "libc++";
				CLANG_ENABLE_MODULES = YES;
				CLANG_ENABLE_OBJC_ARC = YES;
				CLANG_WARN_BOOL_CONVERSION = YES;
				CLANG_WARN_CONSTANT_CONVERSION = YES;
				CLANG_WARN_DIRECT_OBJC_ISA_USAGE = YES_ERROR;
				CLANG_WARN_EMPTY_BODY = YES;
				CLANG_WARN_ENUM_CONVERSION = YES;
				CLANG_WARN_INT_CONVERSION = YES;
				CLANG_WARN_OBJC_ROOT_CLASS = YES_ERROR;
				CLANG_WARN_UNREACHABLE_CODE = YES;
				CLANG_WARN__DUPLICATE_METHOD_MATCH = YES;
				CODE_SIGN_IDENTITY = "-";
				COPY_PHASE_STRIP = NO;
				DEBUG_INFORMATION_FORMAT = dwarf;
				ENABLE_STRICT_OBJC_MSGSEND = YES;
				ENABLE_TESTABILITY = YES;
				GCC_C_LANGUAGE_STANDARD = gnu99;
				GCC_DYNAMIC_NO_PIC = NO;
				GCC_NO_COMMON_BLOCKS = YES;
				GCC_OPTIMIZATION_LEVEL = 0;
				GCC_PREPROCESSOR_DEFINITIONS = (
					"DEBUG=1",
					"$(inherited)",
				);
				GCC_WARN_64_TO_32_BIT_CONVERSION = YES;
				GCC_WARN_ABOUT_RETURN_TYPE = YES_ERROR;
				GCC_WARN_UNDECLARED_SELECTOR = YES;
				GCC_WARN_UNINITIALIZED_AUTOS = YES_AGGRESSIVE;
				GCC_WARN_UNUSED_FUNCTION = YES;
				GCC_WARN_UNUSED_VARIABLE = YES;
				MACOSX_DEPLOYMENT_TARGET = 10.11;
				MTL_ENABLE_DEBUG_INFO = YES;
				ONLY_ACTIVE_ARCH = YES;
				SDKROOT = macosx;
			};
			name = Debug;
		};
		141C17DA1D3E82FE009C6EFB /* Release */ = {
			isa = XCBuildConfiguration;
			buildSettings = {
				ALWAYS_SEARCH_USER_PATHS = NO;
				CLANG_ANALYZER_NONNULL = YES;
				CLANG_CXX_LANGUAGE_STANDARD = "gnu++0x";
				CLANG_CXX_LIBRARY = "libc++";
				CLANG_ENABLE_MODULES = YES;
				CLANG_ENABLE_OBJC_ARC = YES;
				CLANG_WARN_BOOL_CONVERSION = YES;
				CLANG_WARN_CONSTANT_CONVERSION = YES;
				CLANG_WARN_DIRECT_OBJC_ISA_USAGE = YES_ERROR;
				CLANG_WARN_EMPTY_BODY = YES;
				CLANG_WARN_ENUM_CONVERSION = YES;
				CLANG_WARN_INT_CONVERSION = YES;
				CLANG_WARN_OBJC_ROOT_CLASS = YES_ERROR;
				CLANG_WARN_UNREACHABLE_CODE = YES;
				CLANG_WARN__DUPLICATE_METHOD_MATCH = YES;
				CODE_SIGN_IDENTITY = "-";
				COPY_PHASE_STRIP = NO;
				DEBUG_INFORMATION_FORMAT = "dwarf-with-dsym";
				ENABLE_NS_ASSERTIONS = NO;
				ENABLE_STRICT_OBJC_MSGSEND = YES;
				GCC_C_LANGUAGE_STANDARD = gnu99;
				GCC_NO_COMMON_BLOCKS = YES;
				GCC_WARN_64_TO_32_BIT_CONVERSION = YES;
				GCC_WARN_ABOUT_RETURN_TYPE = YES_ERROR;
				GCC_WARN_UNDECLARED_SELECTOR = YES;
				GCC_WARN_UNINITIALIZED_AUTOS = YES_AGGRESSIVE;
				GCC_WARN_UNUSED_FUNCTION = YES;
				GCC_WARN_UNUSED_VARIABLE = YES;
				MACOSX_DEPLOYMENT_TARGET = 10.11;
				MTL_ENABLE_DEBUG_INFO = NO;
				SDKROOT = macosx;
			};
			name = Release;
		};
		141C17DC1D3E82FE009C6EFB /* Debug */ = {
			isa = XCBuildConfiguration;
			buildSettings = {
				PRODUCT_NAME = "$(TARGET_NAME)";
			};
			name = Debug;
		};
		141C17DD1D3E82FE009C6EFB /* Release */ = {
			isa = XCBuildConfiguration;
			buildSettings = {
				PRODUCT_NAME = "$(TARGET_NAME)";
			};
			name = Release;
		};
/* End XCBuildConfiguration section */

/* Begin XCConfigurationList section */
		141C17CF1D3E82FE009C6EFB /* Build configuration list for PBXProject "HW_3" */ = {
			isa = XCConfigurationList;
			buildConfigurations = (
				141C17D91D3E82FE009C6EFB /* Debug */,
				141C17DA1D3E82FE009C6EFB /* Release */,
			);
			defaultConfigurationIsVisible = 0;
			defaultConfigurationName = Release;
		};
		141C17DB1D3E82FE009C6EFB /* Build configuration list for PBXNativeTarget "HW_3" */ = {
			isa = XCConfigurationList;
			buildConfigurations = (
				141C17DC1D3E82FE009C6EFB /* Debug */,
				141C17DD1D3E82FE009C6EFB /* Release */,
			);
			defaultConfigurationIsVisible = 0;
			defaultConfigurationName = Release;
		};
/* End XCConfigurationList section */
	};
	rootObject = 141C17CC1D3E82FE009C6EFB /* Project object */;
}
