// !$*UTF8*$!
{
	archiveVersion = 1;
	classes = {
	};
	objectVersion = 46;
	objects = {

/* Begin PBXBuildFile section */
		148FC9CE2025968E00D4431F /* libDT.a in Frameworks */ = {isa = PBXBuildFile; fileRef = 148FC9CD2025968E00D4431F /* libDT.a */; };
		148FC9D0202599AD00D4431F /* main.cpp in Sources */ = {isa = PBXBuildFile; fileRef = 147E1CAA202566F3000787DE /* main.cpp */; };
		148FC9D32025AB4100D4431F /* liblapack.a in Frameworks */ = {isa = PBXBuildFile; fileRef = 148FC9D22025AB4100D4431F /* liblapack.a */; };
/* End PBXBuildFile section */

/* Begin PBXCopyFilesBuildPhase section */
		147E1C9A202559F8000787DE /* CopyFiles */ = {
			isa = PBXCopyFilesBuildPhase;
			buildActionMask = 2147483647;
			dstPath = /usr/share/man/man1/;
			dstSubfolderSpec = 0;
			files = (
			);
			runOnlyForDeploymentPostprocessing = 1;
		};
/* End PBXCopyFilesBuildPhase section */

/* Begin PBXFileReference section */
		147E1C9C202559FA000787DE /* MATH662HW2 */ = {isa = PBXFileReference; explicitFileType = "compiled.mach-o.executable"; includeInIndex = 0; path = MATH662HW2; sourceTree = BUILT_PRODUCTS_DIR; };
		147E1C9F202559FA000787DE /* dportf.cpp */ = {isa = PBXFileReference; lastKnownFileType = sourcecode.cpp.cpp; path = dportf.cpp; sourceTree = "<group>"; };
		147E1CAA202566F3000787DE /* main.cpp */ = {isa = PBXFileReference; fileEncoding = 4; lastKnownFileType = sourcecode.cpp.cpp; path = main.cpp; sourceTree = "<group>"; };
		148FC9CD2025968E00D4431F /* libDT.a */ = {isa = PBXFileReference; lastKnownFileType = archive.ar; name = libDT.a; path = ../../DTSource/libDT.a; sourceTree = "<group>"; };
		148FC9D1202599D700D4431F /* Input.mat */ = {isa = PBXFileReference; lastKnownFileType = file; path = Input.mat; sourceTree = "<group>"; };
		148FC9D22025AB4100D4431F /* liblapack.a */ = {isa = PBXFileReference; lastKnownFileType = archive.ar; name = liblapack.a; path = "../../../../../Downloads/lapack-3.8.0/liblapack.a"; sourceTree = "<group>"; };
/* End PBXFileReference section */

/* Begin PBXFrameworksBuildPhase section */
		147E1C99202559F8000787DE /* Frameworks */ = {
			isa = PBXFrameworksBuildPhase;
			buildActionMask = 2147483647;
			files = (
				148FC9D32025AB4100D4431F /* liblapack.a in Frameworks */,
				148FC9CE2025968E00D4431F /* libDT.a in Frameworks */,
			);
			runOnlyForDeploymentPostprocessing = 0;
		};
/* End PBXFrameworksBuildPhase section */

/* Begin PBXGroup section */
		147E1C93202559F7000787DE = {
			isa = PBXGroup;
			children = (
				148FC9D22025AB4100D4431F /* liblapack.a */,
				148FC9CD2025968E00D4431F /* libDT.a */,
				147E1C9E202559FA000787DE /* MATH662HW2 */,
				147E1C9D202559FA000787DE /* Products */,
			);
			sourceTree = "<group>";
		};
		147E1C9D202559FA000787DE /* Products */ = {
			isa = PBXGroup;
			children = (
				147E1C9C202559FA000787DE /* MATH662HW2 */,
			);
			name = Products;
			sourceTree = "<group>";
		};
		147E1C9E202559FA000787DE /* MATH662HW2 */ = {
			isa = PBXGroup;
			children = (
				148FC9D1202599D700D4431F /* Input.mat */,
				147E1C9F202559FA000787DE /* dportf.cpp */,
				147E1CAA202566F3000787DE /* main.cpp */,
			);
			path = MATH662HW2;
			sourceTree = "<group>";
		};
/* End PBXGroup section */

/* Begin PBXNativeTarget section */
		147E1C9B202559F8000787DE /* MATH662HW2 */ = {
			isa = PBXNativeTarget;
			buildConfigurationList = 147E1CA3202559FB000787DE /* Build configuration list for PBXNativeTarget "MATH662HW2" */;
			buildPhases = (
				147E1C98202559F8000787DE /* Sources */,
				147E1C99202559F8000787DE /* Frameworks */,
				147E1C9A202559F8000787DE /* CopyFiles */,
			);
			buildRules = (
			);
			dependencies = (
			);
			name = MATH662HW2;
			productName = MATH662HW2;
			productReference = 147E1C9C202559FA000787DE /* MATH662HW2 */;
			productType = "com.apple.product-type.tool";
		};
/* End PBXNativeTarget section */

/* Begin PBXProject section */
		147E1C94202559F8000787DE /* Project object */ = {
			isa = PBXProject;
			attributes = {
				LastUpgradeCheck = 0730;
				ORGANIZATIONNAME = UNC;
				TargetAttributes = {
					147E1C9B202559F8000787DE = {
						CreatedOnToolsVersion = 7.3.1;
					};
				};
			};
			buildConfigurationList = 147E1C97202559F8000787DE /* Build configuration list for PBXProject "MATH662HW2" */;
			compatibilityVersion = "Xcode 3.2";
			developmentRegion = English;
			hasScannedForEncodings = 0;
			knownRegions = (
				en,
			);
			mainGroup = 147E1C93202559F7000787DE;
			productRefGroup = 147E1C9D202559FA000787DE /* Products */;
			projectDirPath = "";
			projectRoot = "";
			targets = (
				147E1C9B202559F8000787DE /* MATH662HW2 */,
			);
		};
/* End PBXProject section */

/* Begin PBXSourcesBuildPhase section */
		147E1C98202559F8000787DE /* Sources */ = {
			isa = PBXSourcesBuildPhase;
			buildActionMask = 2147483647;
			files = (
				148FC9D0202599AD00D4431F /* main.cpp in Sources */,
			);
			runOnlyForDeploymentPostprocessing = 0;
		};
/* End PBXSourcesBuildPhase section */

/* Begin XCBuildConfiguration section */
		147E1CA1202559FB000787DE /* Debug */ = {
			isa = XCBuildConfiguration;
			buildSettings = {
				ALWAYS_SEARCH_USER_PATHS = NO;
				CLANG_ANALYZER_NONNULL = YES;
				CLANG_CXX_LANGUAGE_STANDARD = "gnu++0x";
				CLANG_CXX_LIBRARY = "libc++";
				CLANG_ENABLE_MODULES = YES;
				CLANG_ENABLE_OBJC_ARC = YES;
				CLANG_WARN_BOOL_CONVERSION = YES;
				CLANG_WARN_CONSTANT_CONVERSION = YES;
				CLANG_WARN_DIRECT_OBJC_ISA_USAGE = YES_ERROR;
				CLANG_WARN_EMPTY_BODY = YES;
				CLANG_WARN_ENUM_CONVERSION = YES;
				CLANG_WARN_INT_CONVERSION = YES;
				CLANG_WARN_OBJC_ROOT_CLASS = YES_ERROR;
				CLANG_WARN_UNREACHABLE_CODE = YES;
				CLANG_WARN__DUPLICATE_METHOD_MATCH = YES;
				CODE_SIGN_IDENTITY = "-";
				COPY_PHASE_STRIP = NO;
				DEBUG_INFORMATION_FORMAT = dwarf;
				ENABLE_STRICT_OBJC_MSGSEND = YES;
				ENABLE_TESTABILITY = YES;
				GCC_C_LANGUAGE_STANDARD = gnu99;
				GCC_DYNAMIC_NO_PIC = NO;
				GCC_NO_COMMON_BLOCKS = YES;
				GCC_OPTIMIZATION_LEVEL = 0;
				GCC_PREPROCESSOR_DEFINITIONS = (
					"DEBUG=1",
					"$(inherited)",
				);
				GCC_WARN_64_TO_32_BIT_CONVERSION = YES;
				GCC_WARN_ABOUT_RETURN_TYPE = YES_ERROR;
				GCC_WARN_UNDECLARED_SELECTOR = YES;
				GCC_WARN_UNINITIALIZED_AUTOS = YES_AGGRESSIVE;
				GCC_WARN_UNUSED_FUNCTION = YES;
				GCC_WARN_UNUSED_VARIABLE = YES;
				MACOSX_DEPLOYMENT_TARGET = 10.13;
				MTL_ENABLE_DEBUG_INFO = YES;
				ONLY_ACTIVE_ARCH = YES;
				SDKROOT = macosx;
			};
			name = Debug;
		};
		147E1CA2202559FB000787DE /* Release */ = {
			isa = XCBuildConfiguration;
			buildSettings = {
				ALWAYS_SEARCH_USER_PATHS = NO;
				CLANG_ANALYZER_NONNULL = YES;
				CLANG_CXX_LANGUAGE_STANDARD = "gnu++0x";
				CLANG_CXX_LIBRARY = "libc++";
				CLANG_ENABLE_MODULES = YES;
				CLANG_ENABLE_OBJC_ARC = YES;
				CLANG_WARN_BOOL_CONVERSION = YES;
				CLANG_WARN_CONSTANT_CONVERSION = YES;
				CLANG_WARN_DIRECT_OBJC_ISA_USAGE = YES_ERROR;
				CLANG_WARN_EMPTY_BODY = YES;
				CLANG_WARN_ENUM_CONVERSION = YES;
				CLANG_WARN_INT_CONVERSION = YES;
				CLANG_WARN_OBJC_ROOT_CLASS = YES_ERROR;
				CLANG_WARN_UNREACHABLE_CODE = YES;
				CLANG_WARN__DUPLICATE_METHOD_MATCH = YES;
				CODE_SIGN_IDENTITY = "-";
				COPY_PHASE_STRIP = NO;
				DEBUG_INFORMATION_FORMAT = "dwarf-with-dsym";
				ENABLE_NS_ASSERTIONS = NO;
				ENABLE_STRICT_OBJC_MSGSEND = YES;
				GCC_C_LANGUAGE_STANDARD = gnu99;
				GCC_NO_COMMON_BLOCKS = YES;
				GCC_WARN_64_TO_32_BIT_CONVERSION = YES;
				GCC_WARN_ABOUT_RETURN_TYPE = YES_ERROR;
				GCC_WARN_UNDECLARED_SELECTOR = YES;
				GCC_WARN_UNINITIALIZED_AUTOS = YES_AGGRESSIVE;
				GCC_WARN_UNUSED_FUNCTION = YES;
				GCC_WARN_UNUSED_VARIABLE = YES;
				MACOSX_DEPLOYMENT_TARGET = 10.13;
				MTL_ENABLE_DEBUG_INFO = NO;
				SDKROOT = macosx;
			};
			name = Release;
		};
		147E1CA4202559FB000787DE /* Debug */ = {
			isa = XCBuildConfiguration;
			buildSettings = {
				"LIBRARY_SEARCH_PATHS[arch=*]" = /Users/wq/Desktop/SP2018/MATH662/DTSource;
				PRODUCT_NAME = "$(TARGET_NAME)";
				"USER_HEADER_SEARCH_PATHS[arch=*]" = "~/desktop/sp2018/math662/DTSource";
			};
			name = Debug;
		};
		147E1CA5202559FB000787DE /* Release */ = {
			isa = XCBuildConfiguration;
			buildSettings = {
				"LIBRARY_SEARCH_PATHS[arch=*]" = /Users/wq/Desktop/SP2018/MATH662/DTSource;
				PRODUCT_NAME = "$(TARGET_NAME)";
				"USER_HEADER_SEARCH_PATHS[arch=*]" = "~/desktop/sp2018/math662/DTSource";
			};
			name = Release;
		};
/* End XCBuildConfiguration section */

/* Begin XCConfigurationList section */
		147E1C97202559F8000787DE /* Build configuration list for PBXProject "MATH662HW2" */ = {
			isa = XCConfigurationList;
			buildConfigurations = (
				147E1CA1202559FB000787DE /* Debug */,
				147E1CA2202559FB000787DE /* Release */,
			);
			defaultConfigurationIsVisible = 0;
			defaultConfigurationName = Release;
		};
		147E1CA3202559FB000787DE /* Build configuration list for PBXNativeTarget "MATH662HW2" */ = {
			isa = XCConfigurationList;
			buildConfigurations = (
				147E1CA4202559FB000787DE /* Debug */,
				147E1CA5202559FB000787DE /* Release */,
			);
			defaultConfigurationIsVisible = 0;
			defaultConfigurationName = Release;
		};
/* End XCConfigurationList section */
	};
	rootObject = 147E1C94202559F8000787DE /* Project object */;
}
