// !$*UTF8*$!
{
	archiveVersion = 1;
	classes = {
	};
	objectVersion = 46;
	objects = {

/* Begin PBXBuildFile section */
		140D09B81D36E8E900949F80 /* mazeRecursion.cpp in Sources */ = {isa = PBXBuildFile; fileRef = 140D09B71D36E8E900949F80 /* mazeRecursion.cpp */; };
		140D09B91D36E8F900949F80 /* test.cpp in Sources */ = {isa = PBXBuildFile; fileRef = 14B9B3C51D310376009086B8 /* test.cpp */; };
/* End PBXBuildFile section */

/* Begin PBXCopyFilesBuildPhase section */
		14B9B3C01D310376009086B8 /* CopyFiles */ = {
			isa = PBXCopyFilesBuildPhase;
			buildActionMask = 2147483647;
			dstPath = /usr/share/man/man1/;
			dstSubfolderSpec = 0;
			files = (
			);
			runOnlyForDeploymentPostprocessing = 1;
		};
/* End PBXCopyFilesBuildPhase section */

/* Begin PBXFileReference section */
		140D09B71D36E8E900949F80 /* mazeRecursion.cpp */ = {isa = PBXFileReference; fileEncoding = 4; lastKnownFileType = sourcecode.cpp.cpp; path = mazeRecursion.cpp; sourceTree = "<group>"; };
		14B9B3C21D310376009086B8 /* Homework_2_1 */ = {isa = PBXFileReference; explicitFileType = "compiled.mach-o.executable"; includeInIndex = 0; path = Homework_2_1; sourceTree = BUILT_PRODUCTS_DIR; };
		14B9B3C51D310376009086B8 /* test.cpp */ = {isa = PBXFileReference; lastKnownFileType = sourcecode.cpp.cpp; path = test.cpp; sourceTree = "<group>"; };
		14B9B3CC1D310393009086B8 /* mazestack.cpp */ = {isa = PBXFileReference; fileEncoding = 4; lastKnownFileType = sourcecode.cpp.cpp; path = mazestack.cpp; sourceTree = "<group>"; };
		14B9B3CE1D3112D6009086B8 /* mazequeue.cpp */ = {isa = PBXFileReference; fileEncoding = 4; lastKnownFileType = sourcecode.cpp.cpp; path = mazequeue.cpp; sourceTree = "<group>"; };
		14B9B3D01D311492009086B8 /* eval.cpp */ = {isa = PBXFileReference; fileEncoding = 4; lastKnownFileType = sourcecode.cpp.cpp; path = eval.cpp; sourceTree = "<group>"; };
		14B9B3D21D311673009086B8 /* test_eval.cpp */ = {isa = PBXFileReference; fileEncoding = 4; lastKnownFileType = sourcecode.cpp.cpp; path = test_eval.cpp; sourceTree = "<group>"; };
/* End PBXFileReference section */

/* Begin PBXFrameworksBuildPhase section */
		14B9B3BF1D310376009086B8 /* Frameworks */ = {
			isa = PBXFrameworksBuildPhase;
			buildActionMask = 2147483647;
			files = (
			);
			runOnlyForDeploymentPostprocessing = 0;
		};
/* End PBXFrameworksBuildPhase section */

/* Begin PBXGroup section */
		14B9B3B91D310376009086B8 = {
			isa = PBXGroup;
			children = (
				14B9B3C41D310376009086B8 /* Homework_2_1 */,
				14B9B3C31D310376009086B8 /* Products */,
			);
			sourceTree = "<group>";
		};
		14B9B3C31D310376009086B8 /* Products */ = {
			isa = PBXGroup;
			children = (
				14B9B3C21D310376009086B8 /* Homework_2_1 */,
			);
			name = Products;
			sourceTree = "<group>";
		};
		14B9B3C41D310376009086B8 /* Homework_2_1 */ = {
			isa = PBXGroup;
			children = (
				14B9B3C51D310376009086B8 /* test.cpp */,
				14B9B3D21D311673009086B8 /* test_eval.cpp */,
				140D09B71D36E8E900949F80 /* mazeRecursion.cpp */,
				14B9B3CC1D310393009086B8 /* mazestack.cpp */,
				14B9B3CE1D3112D6009086B8 /* mazequeue.cpp */,
				14B9B3D01D311492009086B8 /* eval.cpp */,
			);
			path = Homework_2_1;
			sourceTree = "<group>";
		};
/* End PBXGroup section */

/* Begin PBXNativeTarget section */
		14B9B3C11D310376009086B8 /* Homework_2_1 */ = {
			isa = PBXNativeTarget;
			buildConfigurationList = 14B9B3C91D310376009086B8 /* Build configuration list for PBXNativeTarget "Homework_2_1" */;
			buildPhases = (
				14B9B3BE1D310376009086B8 /* Sources */,
				14B9B3BF1D310376009086B8 /* Frameworks */,
				14B9B3C01D310376009086B8 /* CopyFiles */,
			);
			buildRules = (
			);
			dependencies = (
			);
			name = Homework_2_1;
			productName = Homework_2_1;
			productReference = 14B9B3C21D310376009086B8 /* Homework_2_1 */;
			productType = "com.apple.product-type.tool";
		};
/* End PBXNativeTarget section */

/* Begin PBXProject section */
		14B9B3BA1D310376009086B8 /* Project object */ = {
			isa = PBXProject;
			attributes = {
				LastUpgradeCheck = 0720;
				ORGANIZATIONNAME = UCLA;
				TargetAttributes = {
					14B9B3C11D310376009086B8 = {
						CreatedOnToolsVersion = 7.2;
					};
				};
			};
			buildConfigurationList = 14B9B3BD1D310376009086B8 /* Build configuration list for PBXProject "Homework_2_1" */;
			compatibilityVersion = "Xcode 3.2";
			developmentRegion = English;
			hasScannedForEncodings = 0;
			knownRegions = (
				en,
			);
			mainGroup = 14B9B3B91D310376009086B8;
			productRefGroup = 14B9B3C31D310376009086B8 /* Products */;
			projectDirPath = "";
			projectRoot = "";
			targets = (
				14B9B3C11D310376009086B8 /* Homework_2_1 */,
			);
		};
/* End PBXProject section */

/* Begin PBXSourcesBuildPhase section */
		14B9B3BE1D310376009086B8 /* Sources */ = {
			isa = PBXSourcesBuildPhase;
			buildActionMask = 2147483647;
			files = (
				140D09B81D36E8E900949F80 /* mazeRecursion.cpp in Sources */,
				140D09B91D36E8F900949F80 /* test.cpp in Sources */,
			);
			runOnlyForDeploymentPostprocessing = 0;
		};
/* End PBXSourcesBuildPhase section */

/* Begin XCBuildConfiguration section */
		14B9B3C71D310376009086B8 /* Debug */ = {
			isa = XCBuildConfiguration;
			buildSettings = {
				ALWAYS_SEARCH_USER_PATHS = NO;
				CLANG_CXX_LANGUAGE_STANDARD = "gnu++0x";
				CLANG_CXX_LIBRARY = "libc++";
				CLANG_ENABLE_MODULES = YES;
				CLANG_ENABLE_OBJC_ARC = YES;
				CLANG_WARN_BOOL_CONVERSION = YES;
				CLANG_WARN_CONSTANT_CONVERSION = YES;
				CLANG_WARN_DIRECT_OBJC_ISA_USAGE = YES_ERROR;
				CLANG_WARN_EMPTY_BODY = YES;
				CLANG_WARN_ENUM_CONVERSION = YES;
				CLANG_WARN_INT_CONVERSION = YES;
				CLANG_WARN_OBJC_ROOT_CLASS = YES_ERROR;
				CLANG_WARN_UNREACHABLE_CODE = YES;
				CLANG_WARN__DUPLICATE_METHOD_MATCH = YES;
				CODE_SIGN_IDENTITY = "-";
				COPY_PHASE_STRIP = NO;
				DEBUG_INFORMATION_FORMAT = dwarf;
				ENABLE_STRICT_OBJC_MSGSEND = YES;
				ENABLE_TESTABILITY = YES;
				GCC_C_LANGUAGE_STANDARD = gnu99;
				GCC_DYNAMIC_NO_PIC = NO;
				GCC_NO_COMMON_BLOCKS = YES;
				GCC_OPTIMIZATION_LEVEL = 0;
				GCC_PREPROCESSOR_DEFINITIONS = (
					"DEBUG=1",
					"$(inherited)",
				);
				GCC_WARN_64_TO_32_BIT_CONVERSION = YES;
				GCC_WARN_ABOUT_RETURN_TYPE = YES_ERROR;
				GCC_WARN_UNDECLARED_SELECTOR = YES;
				GCC_WARN_UNINITIALIZED_AUTOS = YES_AGGRESSIVE;
				GCC_WARN_UNUSED_FUNCTION = YES;
				GCC_WARN_UNUSED_VARIABLE = YES;
				MACOSX_DEPLOYMENT_TARGET = 10.11;
				MTL_ENABLE_DEBUG_INFO = YES;
				ONLY_ACTIVE_ARCH = YES;
				SDKROOT = macosx;
			};
			name = Debug;
		};
		14B9B3C81D310376009086B8 /* Release */ = {
			isa = XCBuildConfiguration;
			buildSettings = {
				ALWAYS_SEARCH_USER_PATHS = NO;
				CLANG_CXX_LANGUAGE_STANDARD = "gnu++0x";
				CLANG_CXX_LIBRARY = "libc++";
				CLANG_ENABLE_MODULES = YES;
				CLANG_ENABLE_OBJC_ARC = YES;
				CLANG_WARN_BOOL_CONVERSION = YES;
				CLANG_WARN_CONSTANT_CONVERSION = YES;
				CLANG_WARN_DIRECT_OBJC_ISA_USAGE = YES_ERROR;
				CLANG_WARN_EMPTY_BODY = YES;
				CLANG_WARN_ENUM_CONVERSION = YES;
				CLANG_WARN_INT_CONVERSION = YES;
				CLANG_WARN_OBJC_ROOT_CLASS = YES_ERROR;
				CLANG_WARN_UNREACHABLE_CODE = YES;
				CLANG_WARN__DUPLICATE_METHOD_MATCH = YES;
				CODE_SIGN_IDENTITY = "-";
				COPY_PHASE_STRIP = NO;
				DEBUG_INFORMATION_FORMAT = "dwarf-with-dsym";
				ENABLE_NS_ASSERTIONS = NO;
				ENABLE_STRICT_OBJC_MSGSEND = YES;
				GCC_C_LANGUAGE_STANDARD = gnu99;
				GCC_NO_COMMON_BLOCKS = YES;
				GCC_WARN_64_TO_32_BIT_CONVERSION = YES;
				GCC_WARN_ABOUT_RETURN_TYPE = YES_ERROR;
				GCC_WARN_UNDECLARED_SELECTOR = YES;
				GCC_WARN_UNINITIALIZED_AUTOS = YES_AGGRESSIVE;
				GCC_WARN_UNUSED_FUNCTION = YES;
				GCC_WARN_UNUSED_VARIABLE = YES;
				MACOSX_DEPLOYMENT_TARGET = 10.11;
				MTL_ENABLE_DEBUG_INFO = NO;
				SDKROOT = macosx;
			};
			name = Release;
		};
		14B9B3CA1D310376009086B8 /* Debug */ = {
			isa = XCBuildConfiguration;
			buildSettings = {
				PRODUCT_NAME = "$(TARGET_NAME)";
			};
			name = Debug;
		};
		14B9B3CB1D310376009086B8 /* Release */ = {
			isa = XCBuildConfiguration;
			buildSettings = {
				PRODUCT_NAME = "$(TARGET_NAME)";
			};
			name = Release;
		};
/* End XCBuildConfiguration section */

/* Begin XCConfigurationList section */
		14B9B3BD1D310376009086B8 /* Build configuration list for PBXProject "Homework_2_1" */ = {
			isa = XCConfigurationList;
			buildConfigurations = (
				14B9B3C71D310376009086B8 /* Debug */,
				14B9B3C81D310376009086B8 /* Release */,
			);
			defaultConfigurationIsVisible = 0;
			defaultConfigurationName = Release;
		};
		14B9B3C91D310376009086B8 /* Build configuration list for PBXNativeTarget "Homework_2_1" */ = {
			isa = XCConfigurationList;
			buildConfigurations = (
				14B9B3CA1D310376009086B8 /* Debug */,
				14B9B3CB1D310376009086B8 /* Release */,
			);
			defaultConfigurationIsVisible = 0;
			defaultConfigurationName = Release;
		};
/* End XCConfigurationList section */
	};
	rootObject = 14B9B3BA1D310376009086B8 /* Project object */;
}
